
Microsoft Visual Studio Solution File, Format Version 12.00
# Visual Studio Version 17
VisualStudioVersion = 17.10.35013.160
MinimumVisualStudioVersion = 10.0.40219.1
Project("{FAE04EC0-301F-11D3-BF4B-00C04F79EFBC}") = "MVC_CRUD", "MVC_CRUD\MVC_CRUD.csproj", "{B4DBBA82-3554-4AB3-A8AD-4B0E3B072ACE}"
EndProject
Global
	GlobalSection(SolutionConfigurationPlatforms) = preSolution
		Debug|Any CPU = Debug|Any CPU
		Release|Any CPU = Release|Any CPU
	EndGlobalSection
	GlobalSection(ProjectConfigurationPlatforms) = postSolution
		{B4DBBA82-3554-4AB3-A8AD-4B0E3B072ACE}.Debug|Any CPU.ActiveCfg = Debug|Any CPU
		{B4DBBA82-3554-4AB3-A8AD-4B0E3B072ACE}.Debug|Any CPU.Build.0 = Debug|Any CPU
		{B4DBBA82-3554-4AB3-A8AD-4B0E3B072ACE}.Release|Any CPU.ActiveCfg = Release|Any CPU
		{B4DBBA82-3554-4AB3-A8AD-4B0E3B072ACE}.Release|Any CPU.Build.0 = Release|Any CPU
	EndGlobalSection
	GlobalSection(SolutionProperties) = preSolution
		HideSolutionNode = FALSE
	EndGlobalSection
	GlobalSection(ExtensibilityGlobals) = postSolution
		SolutionGuid = {7847FB64-C53A-4899-AE93-5C33142DCA16}
	EndGlobalSection
EndGlobal
